
Microsoft Visual Studio Solution File, Format Version 12.00
# Visual Studio Version 17
VisualStudioVersion = 17.5.002.0
MinimumVisualStudioVersion = 10.0.40219.1
Project("{9A19103F-16F7-4668-BE54-9A1E7A4F7556}") = "SCHEMING-DEVICE.Api", "SCHEMING-DEVICE.Api.csproj", "{8F364E46-6C25-4B3E-9086-FA68FAAEEF02}"
EndProject
Project("{9A19103F-16F7-4668-BE54-9A1E7A4F7556}") = "SCHEMING-DEVICE.Data", "SCHEMING-DEVICE.Data\SCHEMING-DEVICE.Data.csproj", "{CB61955F-C3BA-4013-ACF3-0B6FCD8F3596}"
EndProject
Global
	GlobalSection(SolutionConfigurationPlatforms) = preSolution
		Debug|Any CPU = Debug|Any CPU
		Release|Any CPU = Release|Any CPU
	EndGlobalSection
	GlobalSection(ProjectConfigurationPlatforms) = postSolution
		{8F364E46-6C25-4B3E-9086-FA68FAAEEF02}.Debug|Any CPU.ActiveCfg = Debug|Any CPU
		{8F364E46-6C25-4B3E-9086-FA68FAAEEF02}.Debug|Any CPU.Build.0 = Debug|Any CPU
		{8F364E46-6C25-4B3E-9086-FA68FAAEEF02}.Release|Any CPU.ActiveCfg = Release|Any CPU
		{8F364E46-6C25-4B3E-9086-FA68FAAEEF02}.Release|Any CPU.Build.0 = Release|Any CPU
		{CB61955F-C3BA-4013-ACF3-0B6FCD8F3596}.Debug|Any CPU.ActiveCfg = Debug|Any CPU
		{CB61955F-C3BA-4013-ACF3-0B6FCD8F3596}.Debug|Any CPU.Build.0 = Debug|Any CPU
		{CB61955F-C3BA-4013-ACF3-0B6FCD8F3596}.Release|Any CPU.ActiveCfg = Release|Any CPU
		{CB61955F-C3BA-4013-ACF3-0B6FCD8F3596}.Release|Any CPU.Build.0 = Release|Any CPU
	EndGlobalSection
	GlobalSection(SolutionProperties) = preSolution
		HideSolutionNode = FALSE
	EndGlobalSection
	GlobalSection(ExtensibilityGlobals) = postSolution
		SolutionGuid = {15691523-C445-46D4-B5E0-BF75124647CF}
	EndGlobalSection
EndGlobal
