
Microsoft Visual Studio Solution File, Format Version 12.00
# Visual Studio Version 17
VisualStudioVersion = 17.5.002.0
MinimumVisualStudioVersion = 10.0.40219.1
Project("{9A19103F-16F7-4668-BE54-9A1E7A4F7556}") = "SCHEMING-DEVICE.Api", "SCHEMING-DEVICE.Api.csproj", "{83B93566-E57E-4D41-81B0-09143C8D14AF}"
EndProject
Project("{9A19103F-16F7-4668-BE54-9A1E7A4F7556}") = "SCHEMING-DEVICE.Data", "SCHEMING-DEVICE.Data\SCHEMING-DEVICE.Data.csproj", "{AE899F85-52F5-4651-8004-4138F543017C}"
EndProject
Global
	GlobalSection(SolutionConfigurationPlatforms) = preSolution
		Debug|Any CPU = Debug|Any CPU
		Release|Any CPU = Release|Any CPU
	EndGlobalSection
	GlobalSection(ProjectConfigurationPlatforms) = postSolution
		{83B93566-E57E-4D41-81B0-09143C8D14AF}.Debug|Any CPU.ActiveCfg = Debug|Any CPU
		{83B93566-E57E-4D41-81B0-09143C8D14AF}.Debug|Any CPU.Build.0 = Debug|Any CPU
		{83B93566-E57E-4D41-81B0-09143C8D14AF}.Release|Any CPU.ActiveCfg = Release|Any CPU
		{83B93566-E57E-4D41-81B0-09143C8D14AF}.Release|Any CPU.Build.0 = Release|Any CPU
		{AE899F85-52F5-4651-8004-4138F543017C}.Debug|Any CPU.ActiveCfg = Debug|Any CPU
		{AE899F85-52F5-4651-8004-4138F543017C}.Debug|Any CPU.Build.0 = Debug|Any CPU
		{AE899F85-52F5-4651-8004-4138F543017C}.Release|Any CPU.ActiveCfg = Release|Any CPU
		{AE899F85-52F5-4651-8004-4138F543017C}.Release|Any CPU.Build.0 = Release|Any CPU
	EndGlobalSection
	GlobalSection(SolutionProperties) = preSolution
		HideSolutionNode = FALSE
	EndGlobalSection
	GlobalSection(ExtensibilityGlobals) = postSolution
		SolutionGuid = {233AE980-84DE-4007-8DA5-3A1780492706}
	EndGlobalSection
EndGlobal
